
Microsoft Visual Studio Solution File, Format Version 11.00
# Visual Studio 2010
Project("{FAE04EC0-301F-11D3-BF4B-00C04F79EFBC}") = "SampleMVC3WebApplication", "SampleMVC3WebApplication\SampleMVC3WebApplication.csproj", "{C9B38BD2-0205-4D73-BCC9-F790FE73A1A9}"
EndProject
Project("{FAE04EC0-301F-11D3-BF4B-00C04F79EFBC}") = "PayPalMvc", "..\PayPalMvc\PayPalMvc.csproj", "{9C870B1F-9794-4738-9BA3-1ED045C62636}"
EndProject
Global
	GlobalSection(SolutionConfigurationPlatforms) = preSolution
		Debug|Any CPU = Debug|Any CPU
		Release|Any CPU = Release|Any CPU
	EndGlobalSection
	GlobalSection(ProjectConfigurationPlatforms) = postSolution
		{C9B38BD2-0205-4D73-BCC9-F790FE73A1A9}.Debug|Any CPU.ActiveCfg = Debug|Any CPU
		{C9B38BD2-0205-4D73-BCC9-F790FE73A1A9}.Debug|Any CPU.Build.0 = Debug|Any CPU
		{C9B38BD2-0205-4D73-BCC9-F790FE73A1A9}.Release|Any CPU.ActiveCfg = Release|Any CPU
		{C9B38BD2-0205-4D73-BCC9-F790FE73A1A9}.Release|Any CPU.Build.0 = Release|Any CPU
		{9C870B1F-9794-4738-9BA3-1ED045C62636}.Debug|Any CPU.ActiveCfg = Debug|Any CPU
		{9C870B1F-9794-4738-9BA3-1ED045C62636}.Debug|Any CPU.Build.0 = Debug|Any CPU
		{9C870B1F-9794-4738-9BA3-1ED045C62636}.Release|Any CPU.ActiveCfg = Release|Any CPU
		{9C870B1F-9794-4738-9BA3-1ED045C62636}.Release|Any CPU.Build.0 = Release|Any CPU
	EndGlobalSection
	GlobalSection(SolutionProperties) = preSolution
		HideSolutionNode = FALSE
	EndGlobalSection
EndGlobal
